
Microsoft Visual Studio Solution File, Format Version 12.00
# Visual Studio 2013
VisualStudioVersion = 12.0.40629.0
MinimumVisualStudioVersion = 10.0.40219.1
Project("{FAE04EC0-301F-11D3-BF4B-00C04F79EFBC}") = "DAL", "DAL\DAL.csproj", "{430FCCBA-1260-4EE5-9D97-EE6ACD968A15}"
EndProject
Project("{FAE04EC0-301F-11D3-BF4B-00C04F79EFBC}") = "Tests", "Tests\Tests.csproj", "{639D86C3-690F-46A7-94C5-CE6FF9B6941A}"
EndProject
Project("{FAE04EC0-301F-11D3-BF4B-00C04F79EFBC}") = "WCFServices", "WCFServices\WCFServices.csproj", "{67398600-FD64-4FDE-A087-0309EED96F80}"
EndProject
Project("{FAE04EC0-301F-11D3-BF4B-00C04F79EFBC}") = "WCFServicesConsoleHost", "WCFServicesConsoleHost\WCFServicesConsoleHost.csproj", "{BCB3B3B3-D3DE-4D24-A6AC-0157187988E5}"
EndProject
Global
	GlobalSection(SolutionConfigurationPlatforms) = preSolution
		Debug|Any CPU = Debug|Any CPU
		Release|Any CPU = Release|Any CPU
	EndGlobalSection
	GlobalSection(ProjectConfigurationPlatforms) = postSolution
		{430FCCBA-1260-4EE5-9D97-EE6ACD968A15}.Debug|Any CPU.ActiveCfg = Debug|Any CPU
		{430FCCBA-1260-4EE5-9D97-EE6ACD968A15}.Debug|Any CPU.Build.0 = Debug|Any CPU
		{430FCCBA-1260-4EE5-9D97-EE6ACD968A15}.Release|Any CPU.ActiveCfg = Release|Any CPU
		{430FCCBA-1260-4EE5-9D97-EE6ACD968A15}.Release|Any CPU.Build.0 = Release|Any CPU
		{639D86C3-690F-46A7-94C5-CE6FF9B6941A}.Debug|Any CPU.ActiveCfg = Debug|Any CPU
		{639D86C3-690F-46A7-94C5-CE6FF9B6941A}.Debug|Any CPU.Build.0 = Debug|Any CPU
		{639D86C3-690F-46A7-94C5-CE6FF9B6941A}.Release|Any CPU.ActiveCfg = Release|Any CPU
		{639D86C3-690F-46A7-94C5-CE6FF9B6941A}.Release|Any CPU.Build.0 = Release|Any CPU
		{67398600-FD64-4FDE-A087-0309EED96F80}.Debug|Any CPU.ActiveCfg = Debug|Any CPU
		{67398600-FD64-4FDE-A087-0309EED96F80}.Debug|Any CPU.Build.0 = Debug|Any CPU
		{67398600-FD64-4FDE-A087-0309EED96F80}.Release|Any CPU.ActiveCfg = Release|Any CPU
		{67398600-FD64-4FDE-A087-0309EED96F80}.Release|Any CPU.Build.0 = Release|Any CPU
		{BCB3B3B3-D3DE-4D24-A6AC-0157187988E5}.Debug|Any CPU.ActiveCfg = Debug|Any CPU
		{BCB3B3B3-D3DE-4D24-A6AC-0157187988E5}.Debug|Any CPU.Build.0 = Debug|Any CPU
		{BCB3B3B3-D3DE-4D24-A6AC-0157187988E5}.Release|Any CPU.ActiveCfg = Release|Any CPU
		{BCB3B3B3-D3DE-4D24-A6AC-0157187988E5}.Release|Any CPU.Build.0 = Release|Any CPU
	EndGlobalSection
	GlobalSection(SolutionProperties) = preSolution
		HideSolutionNode = FALSE
	EndGlobalSection
EndGlobal
